
Microsoft Visual Studio Solution File, Format Version 12.00
# Visual Studio 2012
Project("{FAE04EC0-301F-11D3-BF4B-00C04F79EFBC}") = "Phoneword", "Phoneword\Phoneword.csproj", "{A959D510-9A44-494F-B5BF-74A0134AC65F}"
EndProject
Project("{FAE04EC0-301F-11D3-BF4B-00C04F79EFBC}") = "Phoneword.iOS", "iOS\Phoneword.iOS.csproj", "{8DFBFBF4-835C-447E-8734-187B0755B6CC}"
EndProject
Project("{FAE04EC0-301F-11D3-BF4B-00C04F79EFBC}") = "Phoneword.Droid", "Droid\Phoneword.Droid.csproj", "{892C0F71-25C5-436A-8AA5-154C5DD6988D}"
EndProject
Global
	GlobalSection(SolutionConfigurationPlatforms) = preSolution
		Debug|Any CPU = Debug|Any CPU
		Release|Any CPU = Release|Any CPU
		Debug|iPhoneSimulator = Debug|iPhoneSimulator
		Release|iPhone = Release|iPhone
		Release|iPhoneSimulator = Release|iPhoneSimulator
		Debug|iPhone = Debug|iPhone
	EndGlobalSection
	GlobalSection(ProjectConfigurationPlatforms) = postSolution
		{A959D510-9A44-494F-B5BF-74A0134AC65F}.Debug|Any CPU.ActiveCfg = Debug|Any CPU
		{A959D510-9A44-494F-B5BF-74A0134AC65F}.Debug|Any CPU.Build.0 = Debug|Any CPU
		{A959D510-9A44-494F-B5BF-74A0134AC65F}.Release|Any CPU.ActiveCfg = Release|Any CPU
		{A959D510-9A44-494F-B5BF-74A0134AC65F}.Release|Any CPU.Build.0 = Release|Any CPU
		{A959D510-9A44-494F-B5BF-74A0134AC65F}.Debug|iPhoneSimulator.ActiveCfg = Debug|Any CPU
		{A959D510-9A44-494F-B5BF-74A0134AC65F}.Debug|iPhoneSimulator.Build.0 = Debug|Any CPU
		{A959D510-9A44-494F-B5BF-74A0134AC65F}.Release|iPhone.ActiveCfg = Release|Any CPU
		{A959D510-9A44-494F-B5BF-74A0134AC65F}.Release|iPhone.Build.0 = Release|Any CPU
		{A959D510-9A44-494F-B5BF-74A0134AC65F}.Release|iPhoneSimulator.ActiveCfg = Release|Any CPU
		{A959D510-9A44-494F-B5BF-74A0134AC65F}.Release|iPhoneSimulator.Build.0 = Release|Any CPU
		{A959D510-9A44-494F-B5BF-74A0134AC65F}.Debug|iPhone.ActiveCfg = Debug|Any CPU
		{A959D510-9A44-494F-B5BF-74A0134AC65F}.Debug|iPhone.Build.0 = Debug|Any CPU
		{8DFBFBF4-835C-447E-8734-187B0755B6CC}.Debug|Any CPU.ActiveCfg = Debug|iPhoneSimulator
		{8DFBFBF4-835C-447E-8734-187B0755B6CC}.Debug|Any CPU.Build.0 = Debug|iPhoneSimulator
		{8DFBFBF4-835C-447E-8734-187B0755B6CC}.Release|Any CPU.ActiveCfg = Release|iPhone
		{8DFBFBF4-835C-447E-8734-187B0755B6CC}.Release|Any CPU.Build.0 = Release|iPhone
		{8DFBFBF4-835C-447E-8734-187B0755B6CC}.Debug|iPhoneSimulator.ActiveCfg = Debug|iPhoneSimulator
		{8DFBFBF4-835C-447E-8734-187B0755B6CC}.Debug|iPhoneSimulator.Build.0 = Debug|iPhoneSimulator
		{8DFBFBF4-835C-447E-8734-187B0755B6CC}.Release|iPhone.ActiveCfg = Release|iPhone
		{8DFBFBF4-835C-447E-8734-187B0755B6CC}.Release|iPhone.Build.0 = Release|iPhone
		{8DFBFBF4-835C-447E-8734-187B0755B6CC}.Release|iPhoneSimulator.ActiveCfg = Release|iPhoneSimulator
		{8DFBFBF4-835C-447E-8734-187B0755B6CC}.Release|iPhoneSimulator.Build.0 = Release|iPhoneSimulator
		{8DFBFBF4-835C-447E-8734-187B0755B6CC}.Debug|iPhone.ActiveCfg = Debug|iPhone
		{8DFBFBF4-835C-447E-8734-187B0755B6CC}.Debug|iPhone.Build.0 = Debug|iPhone
		{892C0F71-25C5-436A-8AA5-154C5DD6988D}.Debug|Any CPU.ActiveCfg = Debug|Any CPU
		{892C0F71-25C5-436A-8AA5-154C5DD6988D}.Debug|Any CPU.Build.0 = Debug|Any CPU
		{892C0F71-25C5-436A-8AA5-154C5DD6988D}.Release|Any CPU.ActiveCfg = Release|Any CPU
		{892C0F71-25C5-436A-8AA5-154C5DD6988D}.Release|Any CPU.Build.0 = Release|Any CPU
		{892C0F71-25C5-436A-8AA5-154C5DD6988D}.Debug|iPhoneSimulator.ActiveCfg = Debug|Any CPU
		{892C0F71-25C5-436A-8AA5-154C5DD6988D}.Debug|iPhoneSimulator.Build.0 = Debug|Any CPU
		{892C0F71-25C5-436A-8AA5-154C5DD6988D}.Release|iPhone.ActiveCfg = Release|Any CPU
		{892C0F71-25C5-436A-8AA5-154C5DD6988D}.Release|iPhone.Build.0 = Release|Any CPU
		{892C0F71-25C5-436A-8AA5-154C5DD6988D}.Release|iPhoneSimulator.ActiveCfg = Release|Any CPU
		{892C0F71-25C5-436A-8AA5-154C5DD6988D}.Release|iPhoneSimulator.Build.0 = Release|Any CPU
		{892C0F71-25C5-436A-8AA5-154C5DD6988D}.Debug|iPhone.ActiveCfg = Debug|Any CPU
		{892C0F71-25C5-436A-8AA5-154C5DD6988D}.Debug|iPhone.Build.0 = Debug|Any CPU
	EndGlobalSection
EndGlobal
